
Microsoft Visual Studio Solution File, Format Version 12.00
# Visual Studio 2015
Project("{FAE04EC0-301F-11D3-BF4B-00C04F79EFBC}") = "Assembly-CSharp", "Assembly-CSharp.csproj", "{0E413705-B0EA-20EC-BA5E-B50692F5A425}"
EndProject
Global
	GlobalSection(SolutionConfigurationPlatforms) = preSolution
		Debug|Any CPU = Debug|Any CPU
		Release|Any CPU = Release|Any CPU
	EndGlobalSection
	GlobalSection(ProjectConfigurationPlatforms) = postSolution
		{0E413705-B0EA-20EC-BA5E-B50692F5A425}.Debug|Any CPU.ActiveCfg = Debug|Any CPU
		{0E413705-B0EA-20EC-BA5E-B50692F5A425}.Debug|Any CPU.Build.0 = Debug|Any CPU
		{0E413705-B0EA-20EC-BA5E-B50692F5A425}.Release|Any CPU.ActiveCfg = Release|Any CPU
		{0E413705-B0EA-20EC-BA5E-B50692F5A425}.Release|Any CPU.Build.0 = Release|Any CPU
	EndGlobalSection
	GlobalSection(SolutionProperties) = preSolution
		HideSolutionNode = FALSE
	EndGlobalSection
EndGlobal
